
Microsoft Visual Studio Solution File, Format Version 12.00
# Visual Studio Version 16
VisualStudioVersion = 16.0.31911.196
MinimumVisualStudioVersion = 10.0.40219.1
Project("{FAE04EC0-301F-11D3-BF4B-00C04F79EFBC}") = "Queue", "Queue\Queue.csproj", "{8BD59521-306E-4C64-A588-A509BC992621}"
EndProject
Global
	GlobalSection(SolutionConfigurationPlatforms) = preSolution
		Debug|Any CPU = Debug|Any CPU
		Release|Any CPU = Release|Any CPU
	EndGlobalSection
	GlobalSection(ProjectConfigurationPlatforms) = postSolution
		{8BD59521-306E-4C64-A588-A509BC992621}.Debug|Any CPU.ActiveCfg = Debug|Any CPU
		{8BD59521-306E-4C64-A588-A509BC992621}.Debug|Any CPU.Build.0 = Debug|Any CPU
		{8BD59521-306E-4C64-A588-A509BC992621}.Release|Any CPU.ActiveCfg = Release|Any CPU
		{8BD59521-306E-4C64-A588-A509BC992621}.Release|Any CPU.Build.0 = Release|Any CPU
	EndGlobalSection
	GlobalSection(SolutionProperties) = preSolution
		HideSolutionNode = FALSE
	EndGlobalSection
	GlobalSection(ExtensibilityGlobals) = postSolution
		SolutionGuid = {785415AC-4E3F-403F-85D5-FCB357D335CB}
	EndGlobalSection
EndGlobal
